
Microsoft Visual Studio Solution File, Format Version 12.00
# Visual Studio Version 17
VisualStudioVersion = 17.8.34525.116
MinimumVisualStudioVersion = 10.0.40219.1
Project("{FAE04EC0-301F-11D3-BF4B-00C04F79EFBC}") = "CognitifExamCRUD", "CognitifExamCRUD\CognitifExamCRUD.csproj", "{F8C43C48-3E80-41D0-856E-AE21A07CF589}"
EndProject
Global
	GlobalSection(SolutionConfigurationPlatforms) = preSolution
		Debug|Any CPU = Debug|Any CPU
		Release|Any CPU = Release|Any CPU
	EndGlobalSection
	GlobalSection(ProjectConfigurationPlatforms) = postSolution
		{F8C43C48-3E80-41D0-856E-AE21A07CF589}.Debug|Any CPU.ActiveCfg = Debug|Any CPU
		{F8C43C48-3E80-41D0-856E-AE21A07CF589}.Debug|Any CPU.Build.0 = Debug|Any CPU
		{F8C43C48-3E80-41D0-856E-AE21A07CF589}.Release|Any CPU.ActiveCfg = Release|Any CPU
		{F8C43C48-3E80-41D0-856E-AE21A07CF589}.Release|Any CPU.Build.0 = Release|Any CPU
	EndGlobalSection
	GlobalSection(SolutionProperties) = preSolution
		HideSolutionNode = FALSE
	EndGlobalSection
	GlobalSection(ExtensibilityGlobals) = postSolution
		SolutionGuid = {6FABB1F5-F1AC-42F2-B473-0EAF44883C13}
	EndGlobalSection
EndGlobal
